// !$*UTF8*$!
{
	archiveVersion = 1;
	classes = {
	};
	objectVersion = 46;
	objects = {

/* Begin PBXBuildFile section */
		1F0DEE771D58966C009CE9E4 /* CustomTypes.swift in Sources */ = {isa = PBXBuildFile; fileRef = 1F0DEE761D58966C009CE9E4 /* CustomTypes.swift */; };
		1F128C3C1D5B1DE700C4926E /* SwiftExtensions.swift in Sources */ = {isa = PBXBuildFile; fileRef = 1F128C3B1D5B1DE700C4926E /* SwiftExtensions.swift */; };
		1F7E18931D3F0FC20077CF85 /* main.swift in Sources */ = {isa = PBXBuildFile; fileRef = 1F7E18921D3F0FC20077CF85 /* main.swift */; };
		1F7E189A1D3F1AFF0077CF85 /* 3DShapes.swift in Sources */ = {isa = PBXBuildFile; fileRef = 1F7E18991D3F1AFF0077CF85 /* 3DShapes.swift */; };
		1FA00B4C1D4C0A5200C8AD42 /* Utilities.swift in Sources */ = {isa = PBXBuildFile; fileRef = 1FA00B4B1D4C0A5200C8AD42 /* Utilities.swift */; };
		1FA00B4E1D4C0A7300C8AD42 /* Operations.swift in Sources */ = {isa = PBXBuildFile; fileRef = 1FA00B4D1D4C0A7300C8AD42 /* Operations.swift */; };
		1FA00B501D4C0AA500C8AD42 /* Tests.swift in Sources */ = {isa = PBXBuildFile; fileRef = 1FA00B4F1D4C0AA500C8AD42 /* Tests.swift */; };
		1FA00B521D4C175C00C8AD42 /* Constants.swift in Sources */ = {isa = PBXBuildFile; fileRef = 1FA00B511D4C175C00C8AD42 /* Constants.swift */; };
		1FA00B851D4DE9CA00C8AD42 /* Extruder_Cullet.swift in Sources */ = {isa = PBXBuildFile; fileRef = 1FA00B841D4DE9CA00C8AD42 /* Extruder_Cullet.swift */; };
		1FA00B871D4FCF7F00C8AD42 /* Stroller_Bracket.swift in Sources */ = {isa = PBXBuildFile; fileRef = 1FA00B861D4FCF7F00C8AD42 /* Stroller_Bracket.swift */; };
		1FA00B8C1D4FDA4F00C8AD42 /* MathHelpers.swift in Sources */ = {isa = PBXBuildFile; fileRef = 1FA00B8B1D4FDA4F00C8AD42 /* MathHelpers.swift */; };
		1FDA515E1D5283DD00F0527A /* Bike_Bracket.swift in Sources */ = {isa = PBXBuildFile; fileRef = 1FDA515D1D5283DD00F0527A /* Bike_Bracket.swift */; };
		1FE366F81D5A60BE00E69A3D /* 2DShapes.swift in Sources */ = {isa = PBXBuildFile; fileRef = 1FE366F71D5A60BE00E69A3D /* 2DShapes.swift */; };
/* End PBXBuildFile section */

/* Begin PBXCopyFilesBuildPhase section */
		1F7E188D1D3F0FC20077CF85 /* CopyFiles */ = {
			isa = PBXCopyFilesBuildPhase;
			buildActionMask = 2147483647;
			dstPath = /usr/share/man/man1/;
			dstSubfolderSpec = 0;
			files = (
			);
			runOnlyForDeploymentPostprocessing = 1;
		};
/* End PBXCopyFilesBuildPhase section */

/* Begin PBXFileReference section */
		1F0DEE761D58966C009CE9E4 /* CustomTypes.swift */ = {isa = PBXFileReference; fileEncoding = 4; lastKnownFileType = sourcecode.swift; path = CustomTypes.swift; sourceTree = "<group>"; };
		1F128C3B1D5B1DE700C4926E /* SwiftExtensions.swift */ = {isa = PBXFileReference; fileEncoding = 4; lastKnownFileType = sourcecode.swift; path = SwiftExtensions.swift; sourceTree = "<group>"; };
		1F7E188F1D3F0FC20077CF85 /* SwiftySCAD */ = {isa = PBXFileReference; explicitFileType = "compiled.mach-o.executable"; includeInIndex = 0; path = SwiftySCAD; sourceTree = BUILT_PRODUCTS_DIR; };
		1F7E18921D3F0FC20077CF85 /* main.swift */ = {isa = PBXFileReference; lastKnownFileType = sourcecode.swift; path = main.swift; sourceTree = "<group>"; };
		1F7E18991D3F1AFF0077CF85 /* 3DShapes.swift */ = {isa = PBXFileReference; fileEncoding = 4; lastKnownFileType = sourcecode.swift; path = 3DShapes.swift; sourceTree = "<group>"; };
		1FA00B4B1D4C0A5200C8AD42 /* Utilities.swift */ = {isa = PBXFileReference; fileEncoding = 4; lastKnownFileType = sourcecode.swift; path = Utilities.swift; sourceTree = "<group>"; };
		1FA00B4D1D4C0A7300C8AD42 /* Operations.swift */ = {isa = PBXFileReference; fileEncoding = 4; lastKnownFileType = sourcecode.swift; lineEnding = 0; path = Operations.swift; sourceTree = "<group>"; xcLanguageSpecificationIdentifier = xcode.lang.swift; };
		1FA00B4F1D4C0AA500C8AD42 /* Tests.swift */ = {isa = PBXFileReference; fileEncoding = 4; lastKnownFileType = sourcecode.swift; path = Tests.swift; sourceTree = "<group>"; };
		1FA00B511D4C175C00C8AD42 /* Constants.swift */ = {isa = PBXFileReference; fileEncoding = 4; lastKnownFileType = sourcecode.swift; lineEnding = 0; path = Constants.swift; sourceTree = "<group>"; xcLanguageSpecificationIdentifier = xcode.lang.swift; };
		1FA00B841D4DE9CA00C8AD42 /* Extruder_Cullet.swift */ = {isa = PBXFileReference; fileEncoding = 4; lastKnownFileType = sourcecode.swift; lineEnding = 0; path = Extruder_Cullet.swift; sourceTree = "<group>"; xcLanguageSpecificationIdentifier = xcode.lang.swift; };
		1FA00B861D4FCF7F00C8AD42 /* Stroller_Bracket.swift */ = {isa = PBXFileReference; fileEncoding = 4; lastKnownFileType = sourcecode.swift; path = Stroller_Bracket.swift; sourceTree = "<group>"; };
		1FA00B8B1D4FDA4F00C8AD42 /* MathHelpers.swift */ = {isa = PBXFileReference; fileEncoding = 4; lastKnownFileType = sourcecode.swift; lineEnding = 0; path = MathHelpers.swift; sourceTree = "<group>"; xcLanguageSpecificationIdentifier = xcode.lang.swift; };
		1FDA515D1D5283DD00F0527A /* Bike_Bracket.swift */ = {isa = PBXFileReference; fileEncoding = 4; lastKnownFileType = sourcecode.swift; lineEnding = 0; path = Bike_Bracket.swift; sourceTree = "<group>"; xcLanguageSpecificationIdentifier = xcode.lang.swift; };
		1FE366F71D5A60BE00E69A3D /* 2DShapes.swift */ = {isa = PBXFileReference; fileEncoding = 4; lastKnownFileType = sourcecode.swift; path = 2DShapes.swift; sourceTree = "<group>"; };
/* End PBXFileReference section */

/* Begin PBXFrameworksBuildPhase section */
		1F7E188C1D3F0FC20077CF85 /* Frameworks */ = {
			isa = PBXFrameworksBuildPhase;
			buildActionMask = 2147483647;
			files = (
			);
			runOnlyForDeploymentPostprocessing = 0;
		};
/* End PBXFrameworksBuildPhase section */

/* Begin PBXGroup section */
		1F7E18861D3F0FC20077CF85 = {
			isa = PBXGroup;
			children = (
				1F7E18911D3F0FC20077CF85 /* SwiftySCAD */,
				1F7E18901D3F0FC20077CF85 /* Products */,
			);
			sourceTree = "<group>";
		};
		1F7E18901D3F0FC20077CF85 /* Products */ = {
			isa = PBXGroup;
			children = (
				1F7E188F1D3F0FC20077CF85 /* SwiftySCAD */,
			);
			name = Products;
			sourceTree = "<group>";
		};
		1F7E18911D3F0FC20077CF85 /* SwiftySCAD */ = {
			isa = PBXGroup;
			children = (
				1FA00B881D4FD22500C8AD42 /* main */,
				1FA00B8A1D4FD24A00C8AD42 /* SwiftySCAD */,
				1FA00B831D4DE9A500C8AD42 /* Pieces */,
				1FA00B891D4FD23000C8AD42 /* Tests */,
			);
			path = SwiftySCAD;
			sourceTree = "<group>";
		};
		1FA00B831D4DE9A500C8AD42 /* Pieces */ = {
			isa = PBXGroup;
			children = (
				1FA00B841D4DE9CA00C8AD42 /* Extruder_Cullet.swift */,
				1FA00B861D4FCF7F00C8AD42 /* Stroller_Bracket.swift */,
				1FDA515D1D5283DD00F0527A /* Bike_Bracket.swift */,
			);
			name = Pieces;
			sourceTree = "<group>";
		};
		1FA00B881D4FD22500C8AD42 /* main */ = {
			isa = PBXGroup;
			children = (
				1F7E18921D3F0FC20077CF85 /* main.swift */,
			);
			name = main;
			sourceTree = "<group>";
		};
		1FA00B891D4FD23000C8AD42 /* Tests */ = {
			isa = PBXGroup;
			children = (
				1FA00B4F1D4C0AA500C8AD42 /* Tests.swift */,
			);
			name = Tests;
			sourceTree = "<group>";
		};
		1FA00B8A1D4FD24A00C8AD42 /* SwiftySCAD */ = {
			isa = PBXGroup;
			children = (
				1F7E18991D3F1AFF0077CF85 /* 3DShapes.swift */,
				1FE366F71D5A60BE00E69A3D /* 2DShapes.swift */,
				1FA00B4B1D4C0A5200C8AD42 /* Utilities.swift */,
				1FA00B4D1D4C0A7300C8AD42 /* Operations.swift */,
				1FA00B511D4C175C00C8AD42 /* Constants.swift */,
				1FA00B8B1D4FDA4F00C8AD42 /* MathHelpers.swift */,
				1F0DEE761D58966C009CE9E4 /* CustomTypes.swift */,
				1F128C3B1D5B1DE700C4926E /* SwiftExtensions.swift */,
			);
			name = SwiftySCAD;
			sourceTree = "<group>";
		};
/* End PBXGroup section */

/* Begin PBXNativeTarget section */
		1F7E188E1D3F0FC20077CF85 /* SwiftySCAD */ = {
			isa = PBXNativeTarget;
			buildConfigurationList = 1F7E18961D3F0FC20077CF85 /* Build configuration list for PBXNativeTarget "SwiftySCAD" */;
			buildPhases = (
				1F7E188B1D3F0FC20077CF85 /* Sources */,
				1F7E188C1D3F0FC20077CF85 /* Frameworks */,
				1F7E188D1D3F0FC20077CF85 /* CopyFiles */,
			);
			buildRules = (
			);
			dependencies = (
			);
			name = SwiftySCAD;
			productName = SwiftySCAD;
			productReference = 1F7E188F1D3F0FC20077CF85 /* SwiftySCAD */;
			productType = "com.apple.product-type.tool";
		};
/* End PBXNativeTarget section */

/* Begin PBXProject section */
		1F7E18871D3F0FC20077CF85 /* Project object */ = {
			isa = PBXProject;
			attributes = {
				LastSwiftUpdateCheck = 0730;
				LastUpgradeCheck = 0730;
				ORGANIZATIONNAME = "Branch Computing";
				TargetAttributes = {
					1F7E188E1D3F0FC20077CF85 = {
						CreatedOnToolsVersion = 7.3.1;
					};
				};
			};
			buildConfigurationList = 1F7E188A1D3F0FC20077CF85 /* Build configuration list for PBXProject "SwiftySCAD" */;
			compatibilityVersion = "Xcode 3.2";
			developmentRegion = English;
			hasScannedForEncodings = 0;
			knownRegions = (
				en,
			);
			mainGroup = 1F7E18861D3F0FC20077CF85;
			productRefGroup = 1F7E18901D3F0FC20077CF85 /* Products */;
			projectDirPath = "";
			projectRoot = "";
			targets = (
				1F7E188E1D3F0FC20077CF85 /* SwiftySCAD */,
			);
		};
/* End PBXProject section */

/* Begin PBXSourcesBuildPhase section */
		1F7E188B1D3F0FC20077CF85 /* Sources */ = {
			isa = PBXSourcesBuildPhase;
			buildActionMask = 2147483647;
			files = (
				1F128C3C1D5B1DE700C4926E /* SwiftExtensions.swift in Sources */,
				1FA00B4C1D4C0A5200C8AD42 /* Utilities.swift in Sources */,
				1FA00B501D4C0AA500C8AD42 /* Tests.swift in Sources */,
				1F7E18931D3F0FC20077CF85 /* main.swift in Sources */,
				1FA00B871D4FCF7F00C8AD42 /* Stroller_Bracket.swift in Sources */,
				1F7E189A1D3F1AFF0077CF85 /* 3DShapes.swift in Sources */,
				1FDA515E1D5283DD00F0527A /* Bike_Bracket.swift in Sources */,
				1FA00B8C1D4FDA4F00C8AD42 /* MathHelpers.swift in Sources */,
				1FE366F81D5A60BE00E69A3D /* 2DShapes.swift in Sources */,
				1FA00B4E1D4C0A7300C8AD42 /* Operations.swift in Sources */,
				1FA00B521D4C175C00C8AD42 /* Constants.swift in Sources */,
				1FA00B851D4DE9CA00C8AD42 /* Extruder_Cullet.swift in Sources */,
				1F0DEE771D58966C009CE9E4 /* CustomTypes.swift in Sources */,
			);
			runOnlyForDeploymentPostprocessing = 0;
		};
/* End PBXSourcesBuildPhase section */

/* Begin XCBuildConfiguration section */
		1F7E18941D3F0FC20077CF85 /* Debug */ = {
			isa = XCBuildConfiguration;
			buildSettings = {
				ALWAYS_SEARCH_USER_PATHS = NO;
				CLANG_ANALYZER_NONNULL = YES;
				CLANG_CXX_LANGUAGE_STANDARD = "gnu++0x";
				CLANG_CXX_LIBRARY = "libc++";
				CLANG_ENABLE_MODULES = YES;
				CLANG_ENABLE_OBJC_ARC = YES;
				CLANG_WARN_BOOL_CONVERSION = YES;
				CLANG_WARN_CONSTANT_CONVERSION = YES;
				CLANG_WARN_DIRECT_OBJC_ISA_USAGE = YES_ERROR;
				CLANG_WARN_EMPTY_BODY = YES;
				CLANG_WARN_ENUM_CONVERSION = YES;
				CLANG_WARN_INT_CONVERSION = YES;
				CLANG_WARN_OBJC_ROOT_CLASS = YES_ERROR;
				CLANG_WARN_UNREACHABLE_CODE = YES;
				CLANG_WARN__DUPLICATE_METHOD_MATCH = YES;
				CODE_SIGN_IDENTITY = "-";
				COPY_PHASE_STRIP = NO;
				DEBUG_INFORMATION_FORMAT = dwarf;
				ENABLE_STRICT_OBJC_MSGSEND = YES;
				ENABLE_TESTABILITY = YES;
				GCC_C_LANGUAGE_STANDARD = gnu99;
				GCC_DYNAMIC_NO_PIC = NO;
				GCC_NO_COMMON_BLOCKS = YES;
				GCC_OPTIMIZATION_LEVEL = 0;
				GCC_PREPROCESSOR_DEFINITIONS = (
					"DEBUG=1",
					"$(inherited)",
				);
				GCC_WARN_64_TO_32_BIT_CONVERSION = YES;
				GCC_WARN_ABOUT_RETURN_TYPE = YES_ERROR;
				GCC_WARN_UNDECLARED_SELECTOR = YES;
				GCC_WARN_UNINITIALIZED_AUTOS = YES_AGGRESSIVE;
				GCC_WARN_UNUSED_FUNCTION = YES;
				GCC_WARN_UNUSED_VARIABLE = YES;
				MACOSX_DEPLOYMENT_TARGET = 10.11;
				MTL_ENABLE_DEBUG_INFO = YES;
				ONLY_ACTIVE_ARCH = YES;
				SDKROOT = macosx;
				SWIFT_OPTIMIZATION_LEVEL = "-Onone";
			};
			name = Debug;
		};
		1F7E18951D3F0FC20077CF85 /* Release */ = {
			isa = XCBuildConfiguration;
			buildSettings = {
				ALWAYS_SEARCH_USER_PATHS = NO;
				CLANG_ANALYZER_NONNULL = YES;
				CLANG_CXX_LANGUAGE_STANDARD = "gnu++0x";
				CLANG_CXX_LIBRARY = "libc++";
				CLANG_ENABLE_MODULES = YES;
				CLANG_ENABLE_OBJC_ARC = YES;
				CLANG_WARN_BOOL_CONVERSION = YES;
				CLANG_WARN_CONSTANT_CONVERSION = YES;
				CLANG_WARN_DIRECT_OBJC_ISA_USAGE = YES_ERROR;
				CLANG_WARN_EMPTY_BODY = YES;
				CLANG_WARN_ENUM_CONVERSION = YES;
				CLANG_WARN_INT_CONVERSION = YES;
				CLANG_WARN_OBJC_ROOT_CLASS = YES_ERROR;
				CLANG_WARN_UNREACHABLE_CODE = YES;
				CLANG_WARN__DUPLICATE_METHOD_MATCH = YES;
				CODE_SIGN_IDENTITY = "-";
				COPY_PHASE_STRIP = NO;
				DEBUG_INFORMATION_FORMAT = "dwarf-with-dsym";
				ENABLE_NS_ASSERTIONS = NO;
				ENABLE_STRICT_OBJC_MSGSEND = YES;
				GCC_C_LANGUAGE_STANDARD = gnu99;
				GCC_NO_COMMON_BLOCKS = YES;
				GCC_WARN_64_TO_32_BIT_CONVERSION = YES;
				GCC_WARN_ABOUT_RETURN_TYPE = YES_ERROR;
				GCC_WARN_UNDECLARED_SELECTOR = YES;
				GCC_WARN_UNINITIALIZED_AUTOS = YES_AGGRESSIVE;
				GCC_WARN_UNUSED_FUNCTION = YES;
				GCC_WARN_UNUSED_VARIABLE = YES;
				MACOSX_DEPLOYMENT_TARGET = 10.11;
				MTL_ENABLE_DEBUG_INFO = NO;
				SDKROOT = macosx;
			};
			name = Release;
		};
		1F7E18971D3F0FC20077CF85 /* Debug */ = {
			isa = XCBuildConfiguration;
			buildSettings = {
				PRODUCT_NAME = "$(TARGET_NAME)";
			};
			name = Debug;
		};
		1F7E18981D3F0FC20077CF85 /* Release */ = {
			isa = XCBuildConfiguration;
			buildSettings = {
				PRODUCT_NAME = "$(TARGET_NAME)";
			};
			name = Release;
		};
/* End XCBuildConfiguration section */

/* Begin XCConfigurationList section */
		1F7E188A1D3F0FC20077CF85 /* Build configuration list for PBXProject "SwiftySCAD" */ = {
			isa = XCConfigurationList;
			buildConfigurations = (
				1F7E18941D3F0FC20077CF85 /* Debug */,
				1F7E18951D3F0FC20077CF85 /* Release */,
			);
			defaultConfigurationIsVisible = 0;
			defaultConfigurationName = Release;
		};
		1F7E18961D3F0FC20077CF85 /* Build configuration list for PBXNativeTarget "SwiftySCAD" */ = {
			isa = XCConfigurationList;
			buildConfigurations = (
				1F7E18971D3F0FC20077CF85 /* Debug */,
				1F7E18981D3F0FC20077CF85 /* Release */,
			);
			defaultConfigurationIsVisible = 0;
			defaultConfigurationName = Release;
		};
/* End XCConfigurationList section */
	};
	rootObject = 1F7E18871D3F0FC20077CF85 /* Project object */;
}
